// !$*UTF8*$!
{
	archiveVersion = 1;
	classes = {
	};
	objectVersion = 48;
	objects = {

/* Begin PBXBuildFile section */
		7D46FF041F5F496800FEB0F8 /* patrons.txt in Resources */ = {isa = PBXBuildFile; fileRef = 7D46FF031F5F496800FEB0F8 /* patrons.txt */; };
		7D564DAE1F18434F00B8AAD6 /* AppDelegate.m in Sources */ = {isa = PBXBuildFile; fileRef = 7D564DAD1F18434F00B8AAD6 /* AppDelegate.m */; };
		7D564DB11F18434F00B8AAD6 /* main.m in Sources */ = {isa = PBXBuildFile; fileRef = 7D564DB01F18434F00B8AAD6 /* main.m */; };
		7D564DB61F18434F00B8AAD6 /* MainMenu.xib in Resources */ = {isa = PBXBuildFile; fileRef = 7D564DB41F18434F00B8AAD6 /* MainMenu.xib */; };
		7D564DD61F18441500B8AAD6 /* Assets.xcassets in Resources */ = {isa = PBXBuildFile; fileRef = 7D564DBF1F18441500B8AAD6 /* Assets.xcassets */; };
		7D564DD91F18441500B8AAD6 /* ScanWindowController.m in Sources */ = {isa = PBXBuildFile; fileRef = 7D564DC21F18441500B8AAD6 /* ScanWindowController.m */; };
		7D564DDD1F18441500B8AAD6 /* Scan.xib in Resources */ = {isa = PBXBuildFile; fileRef = 7D564DC91F18441500B8AAD6 /* Scan.xib */; };
		7D564DE01F18441500B8AAD6 /* ScanRow.m in Sources */ = {isa = PBXBuildFile; fileRef = 7D564DD11F18441500B8AAD6 /* ScanRow.m */; };
		7D564DE61F18446200B8AAD6 /* logging.m in Sources */ = {isa = PBXBuildFile; fileRef = 7D564DE41F18446200B8AAD6 /* logging.m */; };
		7D75537F1F22E40E0010FE88 /* PrefsWindowController.m in Sources */ = {isa = PBXBuildFile; fileRef = 7D75537D1F22E40E0010FE88 /* PrefsWindowController.m */; };
		7D7553801F22E40E0010FE88 /* Preferences.xib in Resources */ = {isa = PBXBuildFile; fileRef = 7D75537E1F22E40E0010FE88 /* Preferences.xib */; };
		7DD2BF651F1DC41600B33214 /* utilities.m in Sources */ = {isa = PBXBuildFile; fileRef = 7DD2BF641F1DC41600B33214 /* utilities.m */; };
		CD18CE2E21D43EA300D968D6 /* EventTaps.m in Sources */ = {isa = PBXBuildFile; fileRef = CD18CE2C21D43EA300D968D6 /* EventTaps.m */; };
		CD18CE5021D74BDA00D968D6 /* NSApplicationKeyEvents.m in Sources */ = {isa = PBXBuildFile; fileRef = CD18CE4E21D74BDA00D968D6 /* NSApplicationKeyEvents.m */; };
		CD18CE5F21D8503000D968D6 /* Update.m in Sources */ = {isa = PBXBuildFile; fileRef = CD18CE5B21D8502F00D968D6 /* Update.m */; };
		CD18CE6021D8503000D968D6 /* UpdateWindow.xib in Resources */ = {isa = PBXBuildFile; fileRef = CD18CE5D21D8502F00D968D6 /* UpdateWindow.xib */; };
		CD18CE6121D8503000D968D6 /* UpdateWindowController.m in Sources */ = {isa = PBXBuildFile; fileRef = CD18CE5E21D8503000D968D6 /* UpdateWindowController.m */; };
		CD18CE6D21DAD1F500D968D6 /* AboutWindow.xib in Resources */ = {isa = PBXBuildFile; fileRef = CD18CE6B21DAD1F500D968D6 /* AboutWindow.xib */; };
		CD18CE6E21DAD1F500D968D6 /* AboutWindowController.m in Sources */ = {isa = PBXBuildFile; fileRef = CD18CE6C21DAD1F500D968D6 /* AboutWindowController.m */; };
		CD21501820AD222800CEF17B /* Sentry.framework in Copy Frameworks */ = {isa = PBXBuildFile; fileRef = CD21501720AD222800CEF17B /* Sentry.framework */; settings = {ATTRIBUTES = (CodeSignOnCopy, RemoveHeadersOnCopy, ); }; };
		CDA6E644203B9DA800C78F91 /* Welcome.xib in Resources */ = {isa = PBXBuildFile; fileRef = CDA6E63B203B9DA700C78F91 /* Welcome.xib */; };
		CDA6E648203B9DA800C78F91 /* WelcomeWindowController.m in Sources */ = {isa = PBXBuildFile; fileRef = CDA6E642203B9DA700C78F91 /* WelcomeWindowController.m */; };
/* End PBXBuildFile section */

/* Begin PBXCopyFilesBuildPhase section */
		CD32C22F209015E3009CADF6 /* Copy Frameworks */ = {
			isa = PBXCopyFilesBuildPhase;
			buildActionMask = 2147483647;
			dstPath = "";
			dstSubfolderSpec = 10;
			files = (
				CD21501820AD222800CEF17B /* Sentry.framework in Copy Frameworks */,
			);
			name = "Copy Frameworks";
			runOnlyForDeploymentPostprocessing = 0;
		};
/* End PBXCopyFilesBuildPhase section */

/* Begin PBXFileReference section */
		7D46FF031F5F496800FEB0F8 /* patrons.txt */ = {isa = PBXFileReference; fileEncoding = 4; lastKnownFileType = text; path = patrons.txt; sourceTree = "<group>"; };
		7D564DA91F18434F00B8AAD6 /* ReiKey.app */ = {isa = PBXFileReference; explicitFileType = wrapper.application; includeInIndex = 0; path = ReiKey.app; sourceTree = BUILT_PRODUCTS_DIR; };
		7D564DAC1F18434F00B8AAD6 /* AppDelegate.h */ = {isa = PBXFileReference; lastKnownFileType = sourcecode.c.h; path = AppDelegate.h; sourceTree = "<group>"; };
		7D564DAD1F18434F00B8AAD6 /* AppDelegate.m */ = {isa = PBXFileReference; lastKnownFileType = sourcecode.c.objc; path = AppDelegate.m; sourceTree = "<group>"; };
		7D564DB01F18434F00B8AAD6 /* main.m */ = {isa = PBXFileReference; lastKnownFileType = sourcecode.c.objc; path = main.m; sourceTree = "<group>"; };
		7D564DB51F18434F00B8AAD6 /* Base */ = {isa = PBXFileReference; lastKnownFileType = file.xib; name = Base; path = Base.lproj/MainMenu.xib; sourceTree = "<group>"; };
		7D564DB71F18434F00B8AAD6 /* Info.plist */ = {isa = PBXFileReference; lastKnownFileType = text.plist.xml; path = Info.plist; sourceTree = "<group>"; };
		7D564DBF1F18441500B8AAD6 /* Assets.xcassets */ = {isa = PBXFileReference; lastKnownFileType = folder.assetcatalog; path = Assets.xcassets; sourceTree = "<group>"; };
		7D564DC21F18441500B8AAD6 /* ScanWindowController.m */ = {isa = PBXFileReference; fileEncoding = 4; lastKnownFileType = sourcecode.c.objc; path = ScanWindowController.m; sourceTree = "<group>"; };
		7D564DC61F18441500B8AAD6 /* Base */ = {isa = PBXFileReference; lastKnownFileType = file.xib; name = Base; path = MainMenu.xib; sourceTree = "<group>"; };
		7D564DC91F18441500B8AAD6 /* Scan.xib */ = {isa = PBXFileReference; fileEncoding = 4; lastKnownFileType = file.xib; path = Scan.xib; sourceTree = "<group>"; };
		7D564DCB1F18441500B8AAD6 /* ScanWindowController.h */ = {isa = PBXFileReference; fileEncoding = 4; lastKnownFileType = sourcecode.c.h; path = ScanWindowController.h; sourceTree = "<group>"; };
		7D564DD01F18441500B8AAD6 /* ScanRow.h */ = {isa = PBXFileReference; fileEncoding = 4; lastKnownFileType = sourcecode.c.h; path = ScanRow.h; sourceTree = "<group>"; };
		7D564DD11F18441500B8AAD6 /* ScanRow.m */ = {isa = PBXFileReference; fileEncoding = 4; lastKnownFileType = sourcecode.c.objc; path = ScanRow.m; sourceTree = "<group>"; };
		7D564DE31F18446200B8AAD6 /* consts.h */ = {isa = PBXFileReference; fileEncoding = 4; lastKnownFileType = sourcecode.c.h; name = consts.h; path = ../shared/consts.h; sourceTree = "<group>"; };
		7D564DE41F18446200B8AAD6 /* logging.m */ = {isa = PBXFileReference; fileEncoding = 4; lastKnownFileType = sourcecode.c.objc; name = logging.m; path = ../shared/logging.m; sourceTree = "<group>"; };
		7D564DE51F18446200B8AAD6 /* logging.h */ = {isa = PBXFileReference; fileEncoding = 4; lastKnownFileType = sourcecode.c.h; name = logging.h; path = ../shared/logging.h; sourceTree = "<group>"; };
		7D75537C1F22E40E0010FE88 /* PrefsWindowController.h */ = {isa = PBXFileReference; fileEncoding = 4; lastKnownFileType = sourcecode.c.h; path = PrefsWindowController.h; sourceTree = "<group>"; };
		7D75537D1F22E40E0010FE88 /* PrefsWindowController.m */ = {isa = PBXFileReference; fileEncoding = 4; lastKnownFileType = sourcecode.c.objc; path = PrefsWindowController.m; sourceTree = "<group>"; };
		7D75537E1F22E40E0010FE88 /* Preferences.xib */ = {isa = PBXFileReference; fileEncoding = 4; lastKnownFileType = file.xib; path = Preferences.xib; sourceTree = "<group>"; };
		7DD2BF631F1DC41600B33214 /* utilities.h */ = {isa = PBXFileReference; fileEncoding = 4; lastKnownFileType = sourcecode.c.h; name = utilities.h; path = ../shared/utilities.h; sourceTree = "<group>"; };
		7DD2BF641F1DC41600B33214 /* utilities.m */ = {isa = PBXFileReference; fileEncoding = 4; lastKnownFileType = sourcecode.c.objc; name = utilities.m; path = ../shared/utilities.m; sourceTree = "<group>"; };
		CD18CE2C21D43EA300D968D6 /* EventTaps.m */ = {isa = PBXFileReference; fileEncoding = 4; lastKnownFileType = sourcecode.c.objc; name = EventTaps.m; path = ../shared/EventTaps.m; sourceTree = "<group>"; };
		CD18CE2D21D43EA300D968D6 /* EventTaps.h */ = {isa = PBXFileReference; fileEncoding = 4; lastKnownFileType = sourcecode.c.h; name = EventTaps.h; path = ../shared/EventTaps.h; sourceTree = "<group>"; };
		CD18CE4E21D74BDA00D968D6 /* NSApplicationKeyEvents.m */ = {isa = PBXFileReference; fileEncoding = 4; lastKnownFileType = sourcecode.c.objc; path = NSApplicationKeyEvents.m; sourceTree = "<group>"; };
		CD18CE4F21D74BDA00D968D6 /* NSApplicationKeyEvents.h */ = {isa = PBXFileReference; fileEncoding = 4; lastKnownFileType = sourcecode.c.h; path = NSApplicationKeyEvents.h; sourceTree = "<group>"; };
		CD18CE5121D822BD00D968D6 /* main.h */ = {isa = PBXFileReference; lastKnownFileType = sourcecode.c.h; path = main.h; sourceTree = "<group>"; };
		CD18CE5A21D8502F00D968D6 /* Update.h */ = {isa = PBXFileReference; fileEncoding = 4; lastKnownFileType = sourcecode.c.h; name = Update.h; path = ../shared/Update.h; sourceTree = "<group>"; };
		CD18CE5B21D8502F00D968D6 /* Update.m */ = {isa = PBXFileReference; fileEncoding = 4; lastKnownFileType = sourcecode.c.objc; name = Update.m; path = ../shared/Update.m; sourceTree = "<group>"; };
		CD18CE5C21D8502F00D968D6 /* UpdateWindowController.h */ = {isa = PBXFileReference; fileEncoding = 4; lastKnownFileType = sourcecode.c.h; name = UpdateWindowController.h; path = ../shared/UpdateWindowController.h; sourceTree = "<group>"; };
		CD18CE5D21D8502F00D968D6 /* UpdateWindow.xib */ = {isa = PBXFileReference; fileEncoding = 4; lastKnownFileType = file.xib; name = UpdateWindow.xib; path = ../shared/UpdateWindow.xib; sourceTree = "<group>"; };
		CD18CE5E21D8503000D968D6 /* UpdateWindowController.m */ = {isa = PBXFileReference; fileEncoding = 4; lastKnownFileType = sourcecode.c.objc; name = UpdateWindowController.m; path = ../shared/UpdateWindowController.m; sourceTree = "<group>"; };
		CD18CE6A21DAD1F400D968D6 /* AboutWindowController.h */ = {isa = PBXFileReference; fileEncoding = 4; lastKnownFileType = sourcecode.c.h; name = AboutWindowController.h; path = ../shared/AboutWindowController.h; sourceTree = "<group>"; };
		CD18CE6B21DAD1F500D968D6 /* AboutWindow.xib */ = {isa = PBXFileReference; fileEncoding = 4; lastKnownFileType = file.xib; name = AboutWindow.xib; path = ../shared/AboutWindow.xib; sourceTree = "<group>"; };
		CD18CE6C21DAD1F500D968D6 /* AboutWindowController.m */ = {isa = PBXFileReference; fileEncoding = 4; lastKnownFileType = sourcecode.c.objc; name = AboutWindowController.m; path = ../shared/AboutWindowController.m; sourceTree = "<group>"; };
		CD21501720AD222800CEF17B /* Sentry.framework */ = {isa = PBXFileReference; lastKnownFileType = wrapper.framework; name = Sentry.framework; path = ../Carthage/Build/Mac/Sentry.framework; sourceTree = "<group>"; };
		CD42FFCB21D05F67000A0461 /* ReiKey.entitlements */ = {isa = PBXFileReference; lastKnownFileType = text.plist.entitlements; name = ReiKey.entitlements; path = mainApp/ReiKey.entitlements; sourceTree = "<group>"; };
		CDA6E63B203B9DA700C78F91 /* Welcome.xib */ = {isa = PBXFileReference; fileEncoding = 4; lastKnownFileType = file.xib; path = Welcome.xib; sourceTree = "<group>"; };
		CDA6E641203B9DA700C78F91 /* WelcomeWindowController.h */ = {isa = PBXFileReference; fileEncoding = 4; lastKnownFileType = sourcecode.c.h; path = WelcomeWindowController.h; sourceTree = "<group>"; };
		CDA6E642203B9DA700C78F91 /* WelcomeWindowController.m */ = {isa = PBXFileReference; fileEncoding = 4; lastKnownFileType = sourcecode.c.objc; path = WelcomeWindowController.m; sourceTree = "<group>"; };
/* End PBXFileReference section */

/* Begin PBXGroup section */
		7D46FEFC1F5E129700FEB0F8 /* XIBs */ = {
			isa = PBXGroup;
			children = (
				7D564DB41F18434F00B8AAD6 /* MainMenu.xib */,
				7D75537E1F22E40E0010FE88 /* Preferences.xib */,
				7D564DC91F18441500B8AAD6 /* Scan.xib */,
				CDA6E63B203B9DA700C78F91 /* Welcome.xib */,
			);
			name = XIBs;
			sourceTree = "<group>";
		};
		7D564DA01F18434F00B8AAD6 = {
			isa = PBXGroup;
			children = (
				CD42FFCB21D05F67000A0461 /* ReiKey.entitlements */,
				7D564DE21F18445400B8AAD6 /* Shared */,
				7D564DAB1F18434F00B8AAD6 /* Src */,
				CD21501920AD224A00CEF17B /* Frameworks */,
				7D564DAA1F18434F00B8AAD6 /* Products */,
			);
			sourceTree = "<group>";
		};
		7D564DAA1F18434F00B8AAD6 /* Products */ = {
			isa = PBXGroup;
			children = (
				7D564DA91F18434F00B8AAD6 /* ReiKey.app */,
			);
			name = Products;
			sourceTree = "<group>";
		};
		7D564DAB1F18434F00B8AAD6 /* Src */ = {
			isa = PBXGroup;
			children = (
				7D564DAC1F18434F00B8AAD6 /* AppDelegate.h */,
				7D564DAD1F18434F00B8AAD6 /* AppDelegate.m */,
				CD18CE4F21D74BDA00D968D6 /* NSApplicationKeyEvents.h */,
				CD18CE4E21D74BDA00D968D6 /* NSApplicationKeyEvents.m */,
				CDA6E641203B9DA700C78F91 /* WelcomeWindowController.h */,
				CDA6E642203B9DA700C78F91 /* WelcomeWindowController.m */,
				7D75537C1F22E40E0010FE88 /* PrefsWindowController.h */,
				7D75537D1F22E40E0010FE88 /* PrefsWindowController.m */,
				7D564DD01F18441500B8AAD6 /* ScanRow.h */,
				7D564DD11F18441500B8AAD6 /* ScanRow.m */,
				7D564DCB1F18441500B8AAD6 /* ScanWindowController.h */,
				7D564DC21F18441500B8AAD6 /* ScanWindowController.m */,
				7D564DBF1F18441500B8AAD6 /* Assets.xcassets */,
				7D564DC41F18441500B8AAD6 /* Base.lproj */,
				7D46FEFC1F5E129700FEB0F8 /* XIBs */,
				7D564DAF1F18434F00B8AAD6 /* Supporting Files */,
			);
			name = Src;
			path = mainApp;
			sourceTree = "<group>";
		};
		7D564DAF1F18434F00B8AAD6 /* Supporting Files */ = {
			isa = PBXGroup;
			children = (
				CD18CE5121D822BD00D968D6 /* main.h */,
				7D46FF031F5F496800FEB0F8 /* patrons.txt */,
				7D564DB71F18434F00B8AAD6 /* Info.plist */,
				7D564DB01F18434F00B8AAD6 /* main.m */,
			);
			name = "Supporting Files";
			sourceTree = "<group>";
		};
		7D564DC41F18441500B8AAD6 /* Base.lproj */ = {
			isa = PBXGroup;
			children = (
				7D564DC51F18441500B8AAD6 /* MainMenu.xib */,
			);
			path = Base.lproj;
			sourceTree = "<group>";
		};
		7D564DE21F18445400B8AAD6 /* Shared */ = {
			isa = PBXGroup;
			children = (
				CD18CE6B21DAD1F500D968D6 /* AboutWindow.xib */,
				CD18CE6A21DAD1F400D968D6 /* AboutWindowController.h */,
				CD18CE6C21DAD1F500D968D6 /* AboutWindowController.m */,
				7D564DE31F18446200B8AAD6 /* consts.h */,
				CD18CE5A21D8502F00D968D6 /* Update.h */,
				CD18CE5B21D8502F00D968D6 /* Update.m */,
				CD18CE5D21D8502F00D968D6 /* UpdateWindow.xib */,
				CD18CE5C21D8502F00D968D6 /* UpdateWindowController.h */,
				CD18CE5E21D8503000D968D6 /* UpdateWindowController.m */,
				CD18CE2D21D43EA300D968D6 /* EventTaps.h */,
				CD18CE2C21D43EA300D968D6 /* EventTaps.m */,
				7D564DE51F18446200B8AAD6 /* logging.h */,
				7D564DE41F18446200B8AAD6 /* logging.m */,
				7DD2BF631F1DC41600B33214 /* utilities.h */,
				7DD2BF641F1DC41600B33214 /* utilities.m */,
			);
			name = Shared;
			sourceTree = "<group>";
		};
		CD21501920AD224A00CEF17B /* Frameworks */ = {
			isa = PBXGroup;
			children = (
				CD21501720AD222800CEF17B /* Sentry.framework */,
			);
			name = Frameworks;
			sourceTree = "<group>";
		};
/* End PBXGroup section */

/* Begin PBXNativeTarget section */
		7D564DA81F18434F00B8AAD6 /* mainApp */ = {
			isa = PBXNativeTarget;
			buildConfigurationList = 7D564DBA1F18434F00B8AAD6 /* Build configuration list for PBXNativeTarget "mainApp" */;
			buildPhases = (
				7D564DA51F18434F00B8AAD6 /* Sources */,
				7D564DA71F18434F00B8AAD6 /* Resources */,
				CD32C22F209015E3009CADF6 /* Copy Frameworks */,
				7D16D6971F650FF400DB3161 /* Run Script */,
			);
			buildRules = (
			);
			dependencies = (
			);
			name = mainApp;
			productName = configApp;
			productReference = 7D564DA91F18434F00B8AAD6 /* ReiKey.app */;
			productType = "com.apple.product-type.application";
		};
/* End PBXNativeTarget section */

/* Begin PBXProject section */
		7D564DA11F18434F00B8AAD6 /* Project object */ = {
			isa = PBXProject;
			attributes = {
				KnownAssetTags = (
					New,
				);
				LastUpgradeCheck = 1000;
				ORGANIZATIONNAME = "Objective-See";
				TargetAttributes = {
					7D564DA81F18434F00B8AAD6 = {
						CreatedOnToolsVersion = 8.2.1;
						ProvisioningStyle = Manual;
						SystemCapabilities = {
							com.apple.ApplicationGroups.Mac = {
								enabled = 1;
							};
							com.apple.HardenedRuntime = {
								enabled = 1;
							};
							com.apple.Sandbox = {
								enabled = 1;
							};
						};
					};
				};
			};
			buildConfigurationList = 7D564DA41F18434F00B8AAD6 /* Build configuration list for PBXProject "mainApp" */;
			compatibilityVersion = "Xcode 8.0";
			developmentRegion = English;
			hasScannedForEncodings = 0;
			knownRegions = (
				en,
				Base,
			);
			mainGroup = 7D564DA01F18434F00B8AAD6;
			productRefGroup = 7D564DAA1F18434F00B8AAD6 /* Products */;
			projectDirPath = "";
			projectRoot = "";
			targets = (
				7D564DA81F18434F00B8AAD6 /* mainApp */,
			);
		};
/* End PBXProject section */

/* Begin PBXResourcesBuildPhase section */
		7D564DA71F18434F00B8AAD6 /* Resources */ = {
			isa = PBXResourcesBuildPhase;
			buildActionMask = 2147483647;
			files = (
				7D564DDD1F18441500B8AAD6 /* Scan.xib in Resources */,
				7D46FF041F5F496800FEB0F8 /* patrons.txt in Resources */,
				7D7553801F22E40E0010FE88 /* Preferences.xib in Resources */,
				CD18CE6D21DAD1F500D968D6 /* AboutWindow.xib in Resources */,
				7D564DD61F18441500B8AAD6 /* Assets.xcassets in Resources */,
				CD18CE6021D8503000D968D6 /* UpdateWindow.xib in Resources */,
				7D564DB61F18434F00B8AAD6 /* MainMenu.xib in Resources */,
				CDA6E644203B9DA800C78F91 /* Welcome.xib in Resources */,
			);
			runOnlyForDeploymentPostprocessing = 0;
		};
/* End PBXResourcesBuildPhase section */

/* Begin PBXShellScriptBuildPhase section */
		7D16D6971F650FF400DB3161 /* Run Script */ = {
			isa = PBXShellScriptBuildPhase;
			buildActionMask = 2147483647;
			files = (
			);
			inputPaths = (
			);
			name = "Run Script";
			outputPaths = (
			);
			runOnlyForDeploymentPostprocessing = 0;
			shellPath = /bin/sh;
			shellScript = "#archiving\nif [[ $BUILT_PRODUCTS_DIR = *\"ArchiveIntermediates\"* ]]; then\n\nmkdir -p $BUILT_PRODUCTS_DIR/$CONTENTS_FOLDER_PATH/Library/LoginItems\ncp -R -f \"$PROJECT_TEMP_ROOT/UninstalledProducts/macosx/ReiKey Helper.app\" $BUILT_PRODUCTS_DIR/$CONTENTS_FOLDER_PATH/Library/LoginItems\n\n#normal build\nelse\n\nrm -rf   $BUILT_PRODUCTS_DIR/$CONTENTS_FOLDER_PATH/Library/LoginItems\nmkdir -p $BUILT_PRODUCTS_DIR/$CONTENTS_FOLDER_PATH/Library/LoginItems\ncp -R -f \"$BUILT_PRODUCTS_DIR/ReiKey Helper.app\" $BUILT_PRODUCTS_DIR/$CONTENTS_FOLDER_PATH/Library/LoginItems\n\nfi\n\n\n";
		};
/* End PBXShellScriptBuildPhase section */

/* Begin PBXSourcesBuildPhase section */
		7D564DA51F18434F00B8AAD6 /* Sources */ = {
			isa = PBXSourcesBuildPhase;
			buildActionMask = 2147483647;
			files = (
				CD18CE6121D8503000D968D6 /* UpdateWindowController.m in Sources */,
				7D564DE01F18441500B8AAD6 /* ScanRow.m in Sources */,
				CD18CE2E21D43EA300D968D6 /* EventTaps.m in Sources */,
				CD18CE5021D74BDA00D968D6 /* NSApplicationKeyEvents.m in Sources */,
				7D564DE61F18446200B8AAD6 /* logging.m in Sources */,
				7D564DB11F18434F00B8AAD6 /* main.m in Sources */,
				7D564DD91F18441500B8AAD6 /* ScanWindowController.m in Sources */,
				7D564DAE1F18434F00B8AAD6 /* AppDelegate.m in Sources */,
				CDA6E648203B9DA800C78F91 /* WelcomeWindowController.m in Sources */,
				7DD2BF651F1DC41600B33214 /* utilities.m in Sources */,
				CD18CE6E21DAD1F500D968D6 /* AboutWindowController.m in Sources */,
				7D75537F1F22E40E0010FE88 /* PrefsWindowController.m in Sources */,
				CD18CE5F21D8503000D968D6 /* Update.m in Sources */,
			);
			runOnlyForDeploymentPostprocessing = 0;
		};
/* End PBXSourcesBuildPhase section */

/* Begin PBXVariantGroup section */
		7D564DB41F18434F00B8AAD6 /* MainMenu.xib */ = {
			isa = PBXVariantGroup;
			children = (
				7D564DB51F18434F00B8AAD6 /* Base */,
			);
			name = MainMenu.xib;
			sourceTree = "<group>";
		};
		7D564DC51F18441500B8AAD6 /* MainMenu.xib */ = {
			isa = PBXVariantGroup;
			children = (
				7D564DC61F18441500B8AAD6 /* Base */,
			);
			name = MainMenu.xib;
			sourceTree = "<group>";
		};
/* End PBXVariantGroup section */

/* Begin XCBuildConfiguration section */
		7D564DB81F18434F00B8AAD6 /* Debug */ = {
			isa = XCBuildConfiguration;
			buildSettings = {
				ALWAYS_SEARCH_USER_PATHS = NO;
				CLANG_ANALYZER_NONNULL = YES;
				CLANG_CXX_LANGUAGE_STANDARD = "gnu++0x";
				CLANG_CXX_LIBRARY = "libc++";
				CLANG_ENABLE_MODULES = YES;
				CLANG_ENABLE_OBJC_ARC = YES;
				CLANG_WARN_BLOCK_CAPTURE_AUTORELEASING = YES;
				CLANG_WARN_BOOL_CONVERSION = YES;
				CLANG_WARN_COMMA = YES;
				CLANG_WARN_CONSTANT_CONVERSION = YES;
				CLANG_WARN_DEPRECATED_OBJC_IMPLEMENTATIONS = YES;
				CLANG_WARN_DIRECT_OBJC_ISA_USAGE = YES_ERROR;
				CLANG_WARN_DOCUMENTATION_COMMENTS = YES;
				CLANG_WARN_EMPTY_BODY = YES;
				CLANG_WARN_ENUM_CONVERSION = YES;
				CLANG_WARN_INFINITE_RECURSION = YES;
				CLANG_WARN_INT_CONVERSION = YES;
				CLANG_WARN_NON_LITERAL_NULL_CONVERSION = YES;
				CLANG_WARN_OBJC_IMPLICIT_RETAIN_SELF = YES;
				CLANG_WARN_OBJC_LITERAL_CONVERSION = YES;
				CLANG_WARN_OBJC_ROOT_CLASS = YES_ERROR;
				CLANG_WARN_RANGE_LOOP_ANALYSIS = YES;
				CLANG_WARN_STRICT_PROTOTYPES = YES;
				CLANG_WARN_SUSPICIOUS_MOVE = YES;
				CLANG_WARN_UNREACHABLE_CODE = YES;
				CLANG_WARN__DUPLICATE_METHOD_MATCH = YES;
				CODE_SIGN_IDENTITY = "Developer ID Application";
				CODE_SIGN_STYLE = Manual;
				COPY_PHASE_STRIP = NO;
				DEBUG_INFORMATION_FORMAT = dwarf;
				ENABLE_STRICT_OBJC_MSGSEND = YES;
				ENABLE_TESTABILITY = YES;
				GCC_C_LANGUAGE_STANDARD = gnu99;
				GCC_DYNAMIC_NO_PIC = NO;
				GCC_NO_COMMON_BLOCKS = YES;
				GCC_OPTIMIZATION_LEVEL = 0;
				GCC_PREPROCESSOR_DEFINITIONS = (
					"DEBUG=1",
					"$(inherited)",
				);
				GCC_WARN_64_TO_32_BIT_CONVERSION = YES;
				GCC_WARN_ABOUT_RETURN_TYPE = YES_ERROR;
				GCC_WARN_UNDECLARED_SELECTOR = YES;
				GCC_WARN_UNINITIALIZED_AUTOS = YES_AGGRESSIVE;
				GCC_WARN_UNUSED_FUNCTION = YES;
				GCC_WARN_UNUSED_VARIABLE = YES;
				INSTALL_PATH = /Applications;
				MACOSX_DEPLOYMENT_TARGET = 10.13;
				MTL_ENABLE_DEBUG_INFO = YES;
				ONLY_ACTIVE_ARCH = YES;
				OTHER_CFLAGS = "-DMAIN_APP=1";
				SDKROOT = macosx;
			};
			name = Debug;
		};
		7D564DB91F18434F00B8AAD6 /* Release */ = {
			isa = XCBuildConfiguration;
			buildSettings = {
				ALWAYS_SEARCH_USER_PATHS = NO;
				CLANG_ANALYZER_NONNULL = YES;
				CLANG_CXX_LANGUAGE_STANDARD = "gnu++0x";
				CLANG_CXX_LIBRARY = "libc++";
				CLANG_ENABLE_MODULES = YES;
				CLANG_ENABLE_OBJC_ARC = YES;
				CLANG_WARN_BLOCK_CAPTURE_AUTORELEASING = YES;
				CLANG_WARN_BOOL_CONVERSION = YES;
				CLANG_WARN_COMMA = YES;
				CLANG_WARN_CONSTANT_CONVERSION = YES;
				CLANG_WARN_DEPRECATED_OBJC_IMPLEMENTATIONS = YES;
				CLANG_WARN_DIRECT_OBJC_ISA_USAGE = YES_ERROR;
				CLANG_WARN_DOCUMENTATION_COMMENTS = YES;
				CLANG_WARN_EMPTY_BODY = YES;
				CLANG_WARN_ENUM_CONVERSION = YES;
				CLANG_WARN_INFINITE_RECURSION = YES;
				CLANG_WARN_INT_CONVERSION = YES;
				CLANG_WARN_NON_LITERAL_NULL_CONVERSION = YES;
				CLANG_WARN_OBJC_IMPLICIT_RETAIN_SELF = YES;
				CLANG_WARN_OBJC_LITERAL_CONVERSION = YES;
				CLANG_WARN_OBJC_ROOT_CLASS = YES_ERROR;
				CLANG_WARN_RANGE_LOOP_ANALYSIS = YES;
				CLANG_WARN_STRICT_PROTOTYPES = YES;
				CLANG_WARN_SUSPICIOUS_MOVE = YES;
				CLANG_WARN_UNREACHABLE_CODE = YES;
				CLANG_WARN__DUPLICATE_METHOD_MATCH = YES;
				CODE_SIGN_IDENTITY = "Developer ID Application";
				CODE_SIGN_STYLE = Manual;
				COPY_PHASE_STRIP = NO;
				DEBUG_INFORMATION_FORMAT = "dwarf-with-dsym";
				ENABLE_NS_ASSERTIONS = NO;
				ENABLE_STRICT_OBJC_MSGSEND = YES;
				GCC_C_LANGUAGE_STANDARD = gnu99;
				GCC_NO_COMMON_BLOCKS = YES;
				GCC_WARN_64_TO_32_BIT_CONVERSION = YES;
				GCC_WARN_ABOUT_RETURN_TYPE = YES_ERROR;
				GCC_WARN_UNDECLARED_SELECTOR = YES;
				GCC_WARN_UNINITIALIZED_AUTOS = YES_AGGRESSIVE;
				GCC_WARN_UNUSED_FUNCTION = YES;
				GCC_WARN_UNUSED_VARIABLE = YES;
				INSTALL_PATH = /Applications;
				MACOSX_DEPLOYMENT_TARGET = 10.13;
				MTL_ENABLE_DEBUG_INFO = NO;
				OTHER_CFLAGS = "-DMAIN_APP=1";
				SDKROOT = macosx;
			};
			name = Release;
		};
		7D564DBB1F18434F00B8AAD6 /* Debug */ = {
			isa = XCBuildConfiguration;
			buildSettings = {
				ASSETCATALOG_COMPILER_APPICON_NAME = AppIcon;
				CODE_SIGN_ENTITLEMENTS = mainApp/ReiKey.entitlements;
				CODE_SIGN_IDENTITY = "Developer ID Application";
				COMBINE_HIDPI_IMAGES = YES;
				DEVELOPMENT_TEAM = VBG97UB4TA;
				ENABLE_HARDENED_RUNTIME = YES;
				FRAMEWORK_SEARCH_PATHS = "$(PROJECT_DIR)/../Carthage/Build/Mac";
				INFOPLIST_FILE = mainApp/Info.plist;
				MACOSX_DEPLOYMENT_TARGET = 10.13;
				OTHER_CODE_SIGN_FLAGS = "-o hard,kill,library";
				OTHER_LDFLAGS = "-Wl,-sectcreate,__RESTRICT,__restrict,/dev/null";
				PRODUCT_BUNDLE_IDENTIFIER = "com.objective-see.reikey";
				PRODUCT_NAME = ReiKey;
				SKIP_INSTALL = YES;
			};
			name = Debug;
		};
		7D564DBC1F18434F00B8AAD6 /* Release */ = {
			isa = XCBuildConfiguration;
			buildSettings = {
				ASSETCATALOG_COMPILER_APPICON_NAME = AppIcon;
				CODE_SIGN_ENTITLEMENTS = mainApp/ReiKey.entitlements;
				CODE_SIGN_IDENTITY = "Developer ID Application";
				COMBINE_HIDPI_IMAGES = YES;
				DEVELOPMENT_TEAM = VBG97UB4TA;
				ENABLE_HARDENED_RUNTIME = YES;
				FRAMEWORK_SEARCH_PATHS = "$(PROJECT_DIR)/../Carthage/Build/Mac";
				INFOPLIST_FILE = mainApp/Info.plist;
				MACOSX_DEPLOYMENT_TARGET = 10.13;
				OTHER_CODE_SIGN_FLAGS = "-o hard,kill,library";
				OTHER_LDFLAGS = "-Wl,-sectcreate,__RESTRICT,__restrict,/dev/null";
				PRODUCT_BUNDLE_IDENTIFIER = "com.objective-see.reikey";
				PRODUCT_NAME = ReiKey;
				SKIP_INSTALL = YES;
			};
			name = Release;
		};
/* End XCBuildConfiguration section */

/* Begin XCConfigurationList section */
		7D564DA41F18434F00B8AAD6 /* Build configuration list for PBXProject "mainApp" */ = {
			isa = XCConfigurationList;
			buildConfigurations = (
				7D564DB81F18434F00B8AAD6 /* Debug */,
				7D564DB91F18434F00B8AAD6 /* Release */,
			);
			defaultConfigurationIsVisible = 0;
			defaultConfigurationName = Release;
		};
		7D564DBA1F18434F00B8AAD6 /* Build configuration list for PBXNativeTarget "mainApp" */ = {
			isa = XCConfigurationList;
			buildConfigurations = (
				7D564DBB1F18434F00B8AAD6 /* Debug */,
				7D564DBC1F18434F00B8AAD6 /* Release */,
			);
			defaultConfigurationIsVisible = 0;
			defaultConfigurationName = Release;
		};
/* End XCConfigurationList section */
	};
	rootObject = 7D564DA11F18434F00B8AAD6 /* Project object */;
}
